
Microsoft Visual Studio Solution File, Format Version 12.00
# Visual Studio 14
VisualStudioVersion = 14.0.25420.1
MinimumVisualStudioVersion = 10.0.40219.1
Project("{2150E333-8FDC-42A3-9474-1A3956D46DE8}") = "src", "src", "{465D1450-277A-48F0-85B3-E3F771175B69}"
EndProject
Project("{2150E333-8FDC-42A3-9474-1A3956D46DE8}") = "Solution Items", "Solution Items", "{FE709531-A78C-49F5-B294-0F62175258A7}"
	ProjectSection(SolutionItems) = preProject
		global.json = global.json
	EndProjectSection
EndProject
Project("{8BB2217D-0F2D-49D1-97BC-3654ED321F3B}") = "Authentication.IdentityServer", "src\Authentication.IdentityServer\Authentication.IdentityServer.xproj", "{E1DDAF78-7CE9-4DA2-9817-5F5E3C265DBD}"
EndProject
Project("{8BB2217D-0F2D-49D1-97BC-3654ED321F3B}") = "Authentication.WebApi", "src\Authentication.WebApi\Authentication.WebApi.xproj", "{C0166FFF-9ACF-4547-A57F-E85BC95549E6}"
EndProject
Project("{8BB2217D-0F2D-49D1-97BC-3654ED321F3B}") = "Authentication.ConsoleClient", "src\Authentication.ConsoleClient\Authentication.ConsoleClient.xproj", "{4645BAC5-2104-4E0D-8AE3-AC9804128EDA}"
EndProject
Project("{8BB2217D-0F2D-49D1-97BC-3654ED321F3B}") = "Authentication.JsClient", "src\Authentication.JsClient\Authentication.JsClient.xproj", "{FA0BB284-8B97-4866-BFE0-654B26467DF2}"
EndProject
Global
	GlobalSection(SolutionConfigurationPlatforms) = preSolution
		Debug|Any CPU = Debug|Any CPU
		Release|Any CPU = Release|Any CPU
	EndGlobalSection
	GlobalSection(ProjectConfigurationPlatforms) = postSolution
		{E1DDAF78-7CE9-4DA2-9817-5F5E3C265DBD}.Debug|Any CPU.ActiveCfg = Debug|Any CPU
		{E1DDAF78-7CE9-4DA2-9817-5F5E3C265DBD}.Debug|Any CPU.Build.0 = Debug|Any CPU
		{E1DDAF78-7CE9-4DA2-9817-5F5E3C265DBD}.Release|Any CPU.ActiveCfg = Release|Any CPU
		{E1DDAF78-7CE9-4DA2-9817-5F5E3C265DBD}.Release|Any CPU.Build.0 = Release|Any CPU
		{C0166FFF-9ACF-4547-A57F-E85BC95549E6}.Debug|Any CPU.ActiveCfg = Debug|Any CPU
		{C0166FFF-9ACF-4547-A57F-E85BC95549E6}.Debug|Any CPU.Build.0 = Debug|Any CPU
		{C0166FFF-9ACF-4547-A57F-E85BC95549E6}.Release|Any CPU.ActiveCfg = Release|Any CPU
		{C0166FFF-9ACF-4547-A57F-E85BC95549E6}.Release|Any CPU.Build.0 = Release|Any CPU
		{4645BAC5-2104-4E0D-8AE3-AC9804128EDA}.Debug|Any CPU.ActiveCfg = Debug|Any CPU
		{4645BAC5-2104-4E0D-8AE3-AC9804128EDA}.Debug|Any CPU.Build.0 = Debug|Any CPU
		{4645BAC5-2104-4E0D-8AE3-AC9804128EDA}.Release|Any CPU.ActiveCfg = Release|Any CPU
		{4645BAC5-2104-4E0D-8AE3-AC9804128EDA}.Release|Any CPU.Build.0 = Release|Any CPU
		{FA0BB284-8B97-4866-BFE0-654B26467DF2}.Debug|Any CPU.ActiveCfg = Debug|Any CPU
		{FA0BB284-8B97-4866-BFE0-654B26467DF2}.Debug|Any CPU.Build.0 = Debug|Any CPU
		{FA0BB284-8B97-4866-BFE0-654B26467DF2}.Release|Any CPU.ActiveCfg = Release|Any CPU
		{FA0BB284-8B97-4866-BFE0-654B26467DF2}.Release|Any CPU.Build.0 = Release|Any CPU
	EndGlobalSection
	GlobalSection(SolutionProperties) = preSolution
		HideSolutionNode = FALSE
	EndGlobalSection
	GlobalSection(NestedProjects) = preSolution
		{E1DDAF78-7CE9-4DA2-9817-5F5E3C265DBD} = {465D1450-277A-48F0-85B3-E3F771175B69}
		{C0166FFF-9ACF-4547-A57F-E85BC95549E6} = {465D1450-277A-48F0-85B3-E3F771175B69}
		{4645BAC5-2104-4E0D-8AE3-AC9804128EDA} = {465D1450-277A-48F0-85B3-E3F771175B69}
		{FA0BB284-8B97-4866-BFE0-654B26467DF2} = {465D1450-277A-48F0-85B3-E3F771175B69}
	EndGlobalSection
EndGlobal
